dependencies:
- name: postgresql
  repository: oci://registry-1.docker.io/bitnamicharts
  version: 12.5.6
- name: minio
  repository: https://charts.min.io/
  version: 5.4.0
- name: redis
  repository: oci://registry-1.docker.io/bitnamicharts
  version: 17.11.3
digest: sha256:a35c274a02e0e06550d7cdc5047fb6acdf10dc7c6bcfa03c285f6cce0ffa2768
generated: "2025-12-18T17:23:34.535316-05:00"
